// !$*UTF8*$!
{
	archiveVersion = 1;
	classes = {
	};
	objectVersion = 46;
	objects = {

/* Begin PBXBuildFile section */
		4739E8571E671A7B00646335 /* FirebaseDemoTests.swift in Sources */ = {isa = PBXBuildFile; fileRef = 4739E8561E671A7B00646335 /* FirebaseDemoTests.swift */; };
		4739E8651E671A8100646335 /* FirebaseDemoUITests.swift in Sources */ = {isa = PBXBuildFile; fileRef = 4739E8641E671A8100646335 /* FirebaseDemoUITests.swift */; };
		47774BA31E670AE9004457A2 /* AppDelegate.swift in Sources */ = {isa = PBXBuildFile; fileRef = 47774BA21E670AE9004457A2 /* AppDelegate.swift */; };
		47774BA51E670AE9004457A2 /* ViewController.swift in Sources */ = {isa = PBXBuildFile; fileRef = 47774BA41E670AE9004457A2 /* ViewController.swift */; };
		47774BA81E670AE9004457A2 /* Main.storyboard in Resources */ = {isa = PBXBuildFile; fileRef = 47774BA61E670AE9004457A2 /* Main.storyboard */; };
		47774BAA1E670AE9004457A2 /* Assets.xcassets in Resources */ = {isa = PBXBuildFile; fileRef = 47774BA91E670AE9004457A2 /* Assets.xcassets */; };
		47774BAD1E670AE9004457A2 /* LaunchScreen.storyboard in Resources */ = {isa = PBXBuildFile; fileRef = 47774BAB1E670AE9004457A2 /* LaunchScreen.storyboard */; };
		47BC40531E670EDB00E11355 /* GoogleService-Info.plist in Resources */ = {isa = PBXBuildFile; fileRef = 47BC40521E670EDB00E11355 /* GoogleService-Info.plist */; };
		75CD9E0CC158ACD9AF572155 /* Pods_FirebaseDemo.framework in Frameworks */ = {isa = PBXBuildFile; fileRef = E35DE1E48BD7F32A70AD8751 /* Pods_FirebaseDemo.framework */; };
/* End PBXBuildFile section */

/* Begin PBXContainerItemProxy section */
		4739E8591E671A7B00646335 /* PBXContainerItemProxy */ = {
			isa = PBXContainerItemProxy;
			containerPortal = 47774B971E670AE9004457A2 /* Project object */;
			proxyType = 1;
			remoteGlobalIDString = 47774B9E1E670AE9004457A2;
			remoteInfo = FirebaseDemo;
		};
		4739E8671E671A8100646335 /* PBXContainerItemProxy */ = {
			isa = PBXContainerItemProxy;
			containerPortal = 47774B971E670AE9004457A2 /* Project object */;
			proxyType = 1;
			remoteGlobalIDString = 47774B9E1E670AE9004457A2;
			remoteInfo = FirebaseDemo;
		};
/* End PBXContainerItemProxy section */

/* Begin PBXFileReference section */
		019EA0AFE1442485274CE3E3 /* Pods-FirebaseDemo.debug.xcconfig */ = {isa = PBXFileReference; includeInIndex = 1; lastKnownFileType = text.xcconfig; name = "Pods-FirebaseDemo.debug.xcconfig"; path = "Pods/Target Support Files/Pods-FirebaseDemo/Pods-FirebaseDemo.debug.xcconfig"; sourceTree = "<group>"; };
		4739E8541E671A7B00646335 /* FirebaseDemoTests.xctest */ = {isa = PBXFileReference; explicitFileType = wrapper.cfbundle; includeInIndex = 0; path = FirebaseDemoTests.xctest; sourceTree = BUILT_PRODUCTS_DIR; };
		4739E8561E671A7B00646335 /* FirebaseDemoTests.swift */ = {isa = PBXFileReference; lastKnownFileType = sourcecode.swift; path = FirebaseDemoTests.swift; sourceTree = "<group>"; };
		4739E8581E671A7B00646335 /* Info.plist */ = {isa = PBXFileReference; lastKnownFileType = text.plist.xml; path = Info.plist; sourceTree = "<group>"; };
		4739E8621E671A8100646335 /* FirebaseDemoUITests.xctest */ = {isa = PBXFileReference; explicitFileType = wrapper.cfbundle; includeInIndex = 0; path = FirebaseDemoUITests.xctest; sourceTree = BUILT_PRODUCTS_DIR; };
		4739E8641E671A8100646335 /* FirebaseDemoUITests.swift */ = {isa = PBXFileReference; lastKnownFileType = sourcecode.swift; path = FirebaseDemoUITests.swift; sourceTree = "<group>"; };
		4739E8661E671A8100646335 /* Info.plist */ = {isa = PBXFileReference; lastKnownFileType = text.plist.xml; path = Info.plist; sourceTree = "<group>"; };
		47774B9F1E670AE9004457A2 /* FirebaseDemo.app */ = {isa = PBXFileReference; explicitFileType = wrapper.application; includeInIndex = 0; path = FirebaseDemo.app; sourceTree = BUILT_PRODUCTS_DIR; };
		47774BA21E670AE9004457A2 /* AppDelegate.swift */ = {isa = PBXFileReference; lastKnownFileType = sourcecode.swift; path = AppDelegate.swift; sourceTree = "<group>"; };
		47774BA41E670AE9004457A2 /* ViewController.swift */ = {isa = PBXFileReference; lastKnownFileType = sourcecode.swift; path = ViewController.swift; sourceTree = "<group>"; };
		47774BA71E670AE9004457A2 /* Base */ = {isa = PBXFileReference; lastKnownFileType = file.storyboard; name = Base; path = Base.lproj/Main.storyboard; sourceTree = "<group>"; };
		47774BA91E670AE9004457A2 /* Assets.xcassets */ = {isa = PBXFileReference; lastKnownFileType = folder.assetcatalog; path = Assets.xcassets; sourceTree = "<group>"; };
		47774BAC1E670AE9004457A2 /* Base */ = {isa = PBXFileReference; lastKnownFileType = file.storyboard; name = Base; path = Base.lproj/LaunchScreen.storyboard; sourceTree = "<group>"; };
		47774BAE1E670AE9004457A2 /* Info.plist */ = {isa = PBXFileReference; lastKnownFileType = text.plist.xml; path = Info.plist; sourceTree = "<group>"; };
		47BC40521E670EDB00E11355 /* GoogleService-Info.plist */ = {isa = PBXFileReference; fileEncoding = 4; lastKnownFileType = text.plist.xml; path = "GoogleService-Info.plist"; sourceTree = "<group>"; };
		96E04955397C6097FFDE0561 /* Pods-FirebaseDemo.release.xcconfig */ = {isa = PBXFileReference; includeInIndex = 1; lastKnownFileType = text.xcconfig; name = "Pods-FirebaseDemo.release.xcconfig"; path = "Pods/Target Support Files/Pods-FirebaseDemo/Pods-FirebaseDemo.release.xcconfig"; sourceTree = "<group>"; };
		E35DE1E48BD7F32A70AD8751 /* Pods_FirebaseDemo.framework */ = {isa = PBXFileReference; explicitFileType = wrapper.framework; includeInIndex = 0; path = Pods_FirebaseDemo.framework; sourceTree = BUILT_PRODUCTS_DIR; };
/* End PBXFileReference section */

/* Begin PBXFrameworksBuildPhase section */
		4739E8511E671A7B00646335 /* Frameworks */ = {
			isa = PBXFrameworksBuildPhase;
			buildActionMask = 2147483647;
			files = (
			);
			runOnlyForDeploymentPostprocessing = 0;
		};
		4739E85F1E671A8100646335 /* Frameworks */ = {
			isa = PBXFrameworksBuildPhase;
			buildActionMask = 2147483647;
			files = (
			);
			runOnlyForDeploymentPostprocessing = 0;
		};
		47774B9C1E670AE9004457A2 /* Frameworks */ = {
			isa = PBXFrameworksBuildPhase;
			buildActionMask = 2147483647;
			files = (
				75CD9E0CC158ACD9AF572155 /* Pods_FirebaseDemo.framework in Frameworks */,
			);
			runOnlyForDeploymentPostprocessing = 0;
		};
/* End PBXFrameworksBuildPhase section */

/* Begin PBXGroup section */
		3F30E4571AA376BCFA8B6E94 /* Pods */ = {
			isa = PBXGroup;
			children = (
				019EA0AFE1442485274CE3E3 /* Pods-FirebaseDemo.debug.xcconfig */,
				96E04955397C6097FFDE0561 /* Pods-FirebaseDemo.release.xcconfig */,
			);
			name = Pods;
			sourceTree = "<group>";
		};
		4739E8551E671A7B00646335 /* FirebaseDemoTests */ = {
			isa = PBXGroup;
			children = (
				4739E8561E671A7B00646335 /* FirebaseDemoTests.swift */,
				4739E8581E671A7B00646335 /* Info.plist */,
			);
			path = FirebaseDemoTests;
			sourceTree = "<group>";
		};
		4739E8631E671A8100646335 /* FirebaseDemoUITests */ = {
			isa = PBXGroup;
			children = (
				4739E8641E671A8100646335 /* FirebaseDemoUITests.swift */,
				4739E8661E671A8100646335 /* Info.plist */,
			);
			path = FirebaseDemoUITests;
			sourceTree = "<group>";
		};
		47774B961E670AE9004457A2 = {
			isa = PBXGroup;
			children = (
				47774BA11E670AE9004457A2 /* FirebaseDemo */,
				4739E8551E671A7B00646335 /* FirebaseDemoTests */,
				4739E8631E671A8100646335 /* FirebaseDemoUITests */,
				47774BA01E670AE9004457A2 /* Products */,
				3F30E4571AA376BCFA8B6E94 /* Pods */,
				92A93E12BF9FA41568908715 /* Frameworks */,
			);
			sourceTree = "<group>";
		};
		47774BA01E670AE9004457A2 /* Products */ = {
			isa = PBXGroup;
			children = (
				47774B9F1E670AE9004457A2 /* FirebaseDemo.app */,
				4739E8541E671A7B00646335 /* FirebaseDemoTests.xctest */,
				4739E8621E671A8100646335 /* FirebaseDemoUITests.xctest */,
			);
			name = Products;
			sourceTree = "<group>";
		};
		47774BA11E670AE9004457A2 /* FirebaseDemo */ = {
			isa = PBXGroup;
			children = (
				47774BA21E670AE9004457A2 /* AppDelegate.swift */,
				47774BA41E670AE9004457A2 /* ViewController.swift */,
				47774BA61E670AE9004457A2 /* Main.storyboard */,
				47774BA91E670AE9004457A2 /* Assets.xcassets */,
				47774BAB1E670AE9004457A2 /* LaunchScreen.storyboard */,
				47774BAE1E670AE9004457A2 /* Info.plist */,
				47BC40521E670EDB00E11355 /* GoogleService-Info.plist */,
			);
			path = FirebaseDemo;
			sourceTree = "<group>";
		};
		92A93E12BF9FA41568908715 /* Frameworks */ = {
			isa = PBXGroup;
			children = (
				E35DE1E48BD7F32A70AD8751 /* Pods_FirebaseDemo.framework */,
			);
			name = Frameworks;
			sourceTree = "<group>";
		};
/* End PBXGroup section */

/* Begin PBXNativeTarget section */
		4739E8531E671A7B00646335 /* FirebaseDemoTests */ = {
			isa = PBXNativeTarget;
			buildConfigurationList = 4739E85D1E671A7B00646335 /* Build configuration list for PBXNativeTarget "FirebaseDemoTests" */;
			buildPhases = (
				4739E8501E671A7B00646335 /* Sources */,
				4739E8511E671A7B00646335 /* Frameworks */,
				4739E8521E671A7B00646335 /* Resources */,
			);
			buildRules = (
			);
			dependencies = (
				4739E85A1E671A7B00646335 /* PBXTargetDependency */,
			);
			name = FirebaseDemoTests;
			productName = FirebaseDemoTests;
			productReference = 4739E8541E671A7B00646335 /* FirebaseDemoTests.xctest */;
			productType = "com.apple.product-type.bundle.unit-test";
		};
		4739E8611E671A8100646335 /* FirebaseDemoUITests */ = {
			isa = PBXNativeTarget;
			buildConfigurationList = 4739E8691E671A8100646335 /* Build configuration list for PBXNativeTarget "FirebaseDemoUITests" */;
			buildPhases = (
				4739E85E1E671A8100646335 /* Sources */,
				4739E85F1E671A8100646335 /* Frameworks */,
				4739E8601E671A8100646335 /* Resources */,
			);
			buildRules = (
			);
			dependencies = (
				4739E8681E671A8100646335 /* PBXTargetDependency */,
			);
			name = FirebaseDemoUITests;
			productName = FirebaseDemoUITests;
			productReference = 4739E8621E671A8100646335 /* FirebaseDemoUITests.xctest */;
			productType = "com.apple.product-type.bundle.ui-testing";
		};
		47774B9E1E670AE9004457A2 /* FirebaseDemo */ = {
			isa = PBXNativeTarget;
			buildConfigurationList = 47774BB11E670AE9004457A2 /* Build configuration list for PBXNativeTarget "FirebaseDemo" */;
			buildPhases = (
				6CA44AA3FEB13F14506B3230 /* [CP] Check Pods Manifest.lock */,
				47774B9B1E670AE9004457A2 /* Sources */,
				47774B9C1E670AE9004457A2 /* Frameworks */,
				47774B9D1E670AE9004457A2 /* Resources */,
				5EF6D81EFCA93014F72D9364 /* [CP] Embed Pods Frameworks */,
				625AF8E46C55F7254C489DA9 /* [CP] Copy Pods Resources */,
			);
			buildRules = (
			);
			dependencies = (
			);
			name = FirebaseDemo;
			productName = FirebaseDemo;
			productReference = 47774B9F1E670AE9004457A2 /* FirebaseDemo.app */;
			productType = "com.apple.product-type.application";
		};
/* End PBXNativeTarget section */

/* Begin PBXProject section */
		47774B971E670AE9004457A2 /* Project object */ = {
			isa = PBXProject;
			attributes = {
				LastSwiftUpdateCheck = 0820;
				LastUpgradeCheck = 0820;
				ORGANIZATIONNAME = C.Mihail;
				TargetAttributes = {
					4739E8531E671A7B00646335 = {
						CreatedOnToolsVersion = 8.2.1;
						ProvisioningStyle = Automatic;
						TestTargetID = 47774B9E1E670AE9004457A2;
					};
					4739E8611E671A8100646335 = {
						CreatedOnToolsVersion = 8.2.1;
						ProvisioningStyle = Automatic;
						TestTargetID = 47774B9E1E670AE9004457A2;
					};
					47774B9E1E670AE9004457A2 = {
						CreatedOnToolsVersion = 8.2.1;
						ProvisioningStyle = Automatic;
					};
				};
			};
			buildConfigurationList = 47774B9A1E670AE9004457A2 /* Build configuration list for PBXProject "FirebaseDemo" */;
			compatibilityVersion = "Xcode 3.2";
			developmentRegion = English;
			hasScannedForEncodings = 0;
			knownRegions = (
				en,
				Base,
			);
			mainGroup = 47774B961E670AE9004457A2;
			productRefGroup = 47774BA01E670AE9004457A2 /* Products */;
			projectDirPath = "";
			projectRoot = "";
			targets = (
				47774B9E1E670AE9004457A2 /* FirebaseDemo */,
				4739E8531E671A7B00646335 /* FirebaseDemoTests */,
				4739E8611E671A8100646335 /* FirebaseDemoUITests */,
			);
		};
/* End PBXProject section */

/* Begin PBXResourcesBuildPhase section */
		4739E8521E671A7B00646335 /* Resources */ = {
			isa = PBXResourcesBuildPhase;
			buildActionMask = 2147483647;
			files = (
			);
			runOnlyForDeploymentPostprocessing = 0;
		};
		4739E8601E671A8100646335 /* Resources */ = {
			isa = PBXResourcesBuildPhase;
			buildActionMask = 2147483647;
			files = (
			);
			runOnlyForDeploymentPostprocessing = 0;
		};
		47774B9D1E670AE9004457A2 /* Resources */ = {
			isa = PBXResourcesBuildPhase;
			buildActionMask = 2147483647;
			files = (
				47774BAD1E670AE9004457A2 /* LaunchScreen.storyboard in Resources */,
				47BC40531E670EDB00E11355 /* GoogleService-Info.plist in Resources */,
				47774BAA1E670AE9004457A2 /* Assets.xcassets in Resources */,
				47774BA81E670AE9004457A2 /* Main.storyboard in Resources */,
			);
			runOnlyForDeploymentPostprocessing = 0;
		};
/* End PBXResourcesBuildPhase section */

/* Begin PBXShellScriptBuildPhase section */
		5EF6D81EFCA93014F72D9364 /* [CP] Embed Pods Frameworks */ = {
			isa = PBXShellScriptBuildPhase;
			buildActionMask = 2147483647;
			files = (
			);
			inputPaths = (
			);
			name = "[CP] Embed Pods Frameworks";
			outputPaths = (
			);
			runOnlyForDeploymentPostprocessing = 0;
			shellPath = /bin/sh;
			shellScript = "\"${SRCROOT}/Pods/Target Support Files/Pods-FirebaseDemo/Pods-FirebaseDemo-frameworks.sh\"\n";
			showEnvVarsInLog = 0;
		};
		625AF8E46C55F7254C489DA9 /* [CP] Copy Pods Resources */ = {
			isa = PBXShellScriptBuildPhase;
			buildActionMask = 2147483647;
			files = (
			);
			inputPaths = (
			);
			name = "[CP] Copy Pods Resources";
			outputPaths = (
			);
			runOnlyForDeploymentPostprocessing = 0;
			shellPath = /bin/sh;
			shellScript = "\"${SRCROOT}/Pods/Target Support Files/Pods-FirebaseDemo/Pods-FirebaseDemo-resources.sh\"\n";
			showEnvVarsInLog = 0;
		};
		6CA44AA3FEB13F14506B3230 /* [CP] Check Pods Manifest.lock */ = {
			isa = PBXShellScriptBuildPhase;
			buildActionMask = 2147483647;
			files = (
			);
			inputPaths = (
			);
			name = "[CP] Check Pods Manifest.lock";
			outputPaths = (
			);
			runOnlyForDeploymentPostprocessing = 0;
			shellPath = /bin/sh;
			shellScript = "diff \"${PODS_ROOT}/../Podfile.lock\" \"${PODS_ROOT}/Manifest.lock\" > /dev/null\nif [ $? != 0 ] ; then\n    # print error to STDERR\n    echo \"error: The sandbox is not in sync with the Podfile.lock. Run 'pod install' or update your CocoaPods installation.\" >&2\n    exit 1\nfi\n";
			showEnvVarsInLog = 0;
		};
/* End PBXShellScriptBuildPhase section */

/* Begin PBXSourcesBuildPhase section */
		4739E8501E671A7B00646335 /* Sources */ = {
			isa = PBXSourcesBuildPhase;
			buildActionMask = 2147483647;
			files = (
				4739E8571E671A7B00646335 /* FirebaseDemoTests.swift in Sources */,
			);
			runOnlyForDeploymentPostprocessing = 0;
		};
		4739E85E1E671A8100646335 /* Sources */ = {
			isa = PBXSourcesBuildPhase;
			buildActionMask = 2147483647;
			files = (
				4739E8651E671A8100646335 /* FirebaseDemoUITests.swift in Sources */,
			);
			runOnlyForDeploymentPostprocessing = 0;
		};
		47774B9B1E670AE9004457A2 /* Sources */ = {
			isa = PBXSourcesBuildPhase;
			buildActionMask = 2147483647;
			files = (
				47774BA51E670AE9004457A2 /* ViewController.swift in Sources */,
				47774BA31E670AE9004457A2 /* AppDelegate.swift in Sources */,
			);
			runOnlyForDeploymentPostprocessing = 0;
		};
/* End PBXSourcesBuildPhase section */

/* Begin PBXTargetDependency section */
		4739E85A1E671A7B00646335 /* PBXTargetDependency */ = {
			isa = PBXTargetDependency;
			target = 47774B9E1E670AE9004457A2 /* FirebaseDemo */;
			targetProxy = 4739E8591E671A7B00646335 /* PBXContainerItemProxy */;
		};
		4739E8681E671A8100646335 /* PBXTargetDependency */ = {
			isa = PBXTargetDependency;
			target = 47774B9E1E670AE9004457A2 /* FirebaseDemo */;
			targetProxy = 4739E8671E671A8100646335 /* PBXContainerItemProxy */;
		};
/* End PBXTargetDependency section */

/* Begin PBXVariantGroup section */
		47774BA61E670AE9004457A2 /* Main.storyboard */ = {
			isa = PBXVariantGroup;
			children = (
				47774BA71E670AE9004457A2 /* Base */,
			);
			name = Main.storyboard;
			sourceTree = "<group>";
		};
		47774BAB1E670AE9004457A2 /* LaunchScreen.storyboard */ = {
			isa = PBXVariantGroup;
			children = (
				47774BAC1E670AE9004457A2 /* Base */,
			);
			name = LaunchScreen.storyboard;
			sourceTree = "<group>";
		};
/* End PBXVariantGroup section */

/* Begin XCBuildConfiguration section */
		4739E85B1E671A7B00646335 /* Debug */ = {
			isa = XCBuildConfiguration;
			buildSettings = {
				BUNDLE_LOADER = "$(TEST_HOST)";
				INFOPLIST_FILE = FirebaseDemoTests/Info.plist;
				LD_RUNPATH_SEARCH_PATHS = "$(inherited) @executable_path/Frameworks @loader_path/Frameworks";
				PRODUCT_BUNDLE_IDENTIFIER = C.Mihail.FirebaseDemoTests;
				PRODUCT_NAME = "$(TARGET_NAME)";
				SWIFT_VERSION = 3.0;
				TEST_HOST = "$(BUILT_PRODUCTS_DIR)/FirebaseDemo.app/FirebaseDemo";
			};
			name = Debug;
		};
		4739E85C1E671A7B00646335 /* Release */ = {
			isa = XCBuildConfiguration;
			buildSettings = {
				BUNDLE_LOADER = "$(TEST_HOST)";
				INFOPLIST_FILE = FirebaseDemoTests/Info.plist;
				LD_RUNPATH_SEARCH_PATHS = "$(inherited) @executable_path/Frameworks @loader_path/Frameworks";
				PRODUCT_BUNDLE_IDENTIFIER = C.Mihail.FirebaseDemoTests;
				PRODUCT_NAME = "$(TARGET_NAME)";
				SWIFT_VERSION = 3.0;
				TEST_HOST = "$(BUILT_PRODUCTS_DIR)/FirebaseDemo.app/FirebaseDemo";
			};
			name = Release;
		};
		4739E86A1E671A8100646335 /* Debug */ = {
			isa = XCBuildConfiguration;
			buildSettings = {
				INFOPLIST_FILE = FirebaseDemoUITests/Info.plist;
				LD_RUNPATH_SEARCH_PATHS = "$(inherited) @executable_path/Frameworks @loader_path/Frameworks";
				PRODUCT_BUNDLE_IDENTIFIER = C.Mihail.FirebaseDemoUITests;
				PRODUCT_NAME = "$(TARGET_NAME)";
				SWIFT_VERSION = 3.0;
				TEST_TARGET_NAME = FirebaseDemo;
			};
			name = Debug;
		};
		4739E86B1E671A8100646335 /* Release */ = {
			isa = XCBuildConfiguration;
			buildSettings = {
				INFOPLIST_FILE = FirebaseDemoUITests/Info.plist;
				LD_RUNPATH_SEARCH_PATHS = "$(inherited) @executable_path/Frameworks @loader_path/Frameworks";
				PRODUCT_BUNDLE_IDENTIFIER = C.Mihail.FirebaseDemoUITests;
				PRODUCT_NAME = "$(TARGET_NAME)";
				SWIFT_VERSION = 3.0;
				TEST_TARGET_NAME = FirebaseDemo;
			};
			name = Release;
		};
		47774BAF1E670AE9004457A2 /* Debug */ = {
			isa = XCBuildConfiguration;
			buildSettings = {
				ALWAYS_SEARCH_USER_PATHS = NO;
				CLANG_ANALYZER_NONNULL = YES;
				CLANG_CXX_LANGUAGE_STANDARD = "gnu++0x";
				CLANG_CXX_LIBRARY = "libc++";
				CLANG_ENABLE_MODULES = YES;
				CLANG_ENABLE_OBJC_ARC = YES;
				CLANG_WARN_BOOL_CONVERSION = YES;
				CLANG_WARN_CONSTANT_CONVERSION = YES;
				CLANG_WARN_DIRECT_OBJC_ISA_USAGE = YES_ERROR;
				CLANG_WARN_DOCUMENTATION_COMMENTS = YES;
				CLANG_WARN_EMPTY_BODY = YES;
				CLANG_WARN_ENUM_CONVERSION = YES;
				CLANG_WARN_INFINITE_RECURSION = YES;
				CLANG_WARN_INT_CONVERSION = YES;
				CLANG_WARN_OBJC_ROOT_CLASS = YES_ERROR;
				CLANG_WARN_SUSPICIOUS_MOVE = YES;
				CLANG_WARN_UNREACHABLE_CODE = YES;
				CLANG_WARN__DUPLICATE_METHOD_MATCH = YES;
				"CODE_SIGN_IDENTITY[sdk=iphoneos*]" = "iPhone Developer";
				COPY_PHASE_STRIP = NO;
				DEBUG_INFORMATION_FORMAT = dwarf;
				ENABLE_STRICT_OBJC_MSGSEND = YES;
				ENABLE_TESTABILITY = YES;
				GCC_C_LANGUAGE_STANDARD = gnu99;
				GCC_DYNAMIC_NO_PIC = NO;
				GCC_NO_COMMON_BLOCKS = YES;
				GCC_OPTIMIZATION_LEVEL = 0;
				GCC_PREPROCESSOR_DEFINITIONS = (
					"DEBUG=1",
					"$(inherited)",
				);
				GCC_WARN_64_TO_32_BIT_CONVERSION = YES;
				GCC_WARN_ABOUT_RETURN_TYPE = YES_ERROR;
				GCC_WARN_UNDECLARED_SELECTOR = YES;
				GCC_WARN_UNINITIALIZED_AUTOS = YES_AGGRESSIVE;
				GCC_WARN_UNUSED_FUNCTION = YES;
				GCC_WARN_UNUSED_VARIABLE = YES;
				IPHONEOS_DEPLOYMENT_TARGET = 10.2;
				MTL_ENABLE_DEBUG_INFO = YES;
				ONLY_ACTIVE_ARCH = YES;
				SDKROOT = iphoneos;
				SWIFT_ACTIVE_COMPILATION_CONDITIONS = DEBUG;
				SWIFT_OPTIMIZATION_LEVEL = "-Onone";
			};
			name = Debug;
		};
		47774BB01E670AE9004457A2 /* Release */ = {
			isa = XCBuildConfiguration;
			buildSettings = {
				ALWAYS_SEARCH_USER_PATHS = NO;
				CLANG_ANALYZER_NONNULL = YES;
				CLANG_CXX_LANGUAGE_STANDARD = "gnu++0x";
				CLANG_CXX_LIBRARY = "libc++";
				CLANG_ENABLE_MODULES = YES;
				CLANG_ENABLE_OBJC_ARC = YES;
				CLANG_WARN_BOOL_CONVERSION = YES;
				CLANG_WARN_CONSTANT_CONVERSION = YES;
				CLANG_WARN_DIRECT_OBJC_ISA_USAGE = YES_ERROR;
				CLANG_WARN_DOCUMENTATION_COMMENTS = YES;
				CLANG_WARN_EMPTY_BODY = YES;
				CLANG_WARN_ENUM_CONVERSION = YES;
				CLANG_WARN_INFINITE_RECURSION = YES;
				CLANG_WARN_INT_CONVERSION = YES;
				CLANG_WARN_OBJC_ROOT_CLASS = YES_ERROR;
				CLANG_WARN_SUSPICIOUS_MOVE = YES;
				CLANG_WARN_UNREACHABLE_CODE = YES;
				CLANG_WARN__DUPLICATE_METHOD_MATCH = YES;
				"CODE_SIGN_IDENTITY[sdk=iphoneos*]" = "iPhone Developer";
				COPY_PHASE_STRIP = NO;
				DEBUG_INFORMATION_FORMAT = "dwarf-with-dsym";
				ENABLE_NS_ASSERTIONS = NO;
				ENABLE_STRICT_OBJC_MSGSEND = YES;
				GCC_C_LANGUAGE_STANDARD = gnu99;
				GCC_NO_COMMON_BLOCKS = YES;
				GCC_WARN_64_TO_32_BIT_CONVERSION = YES;
				GCC_WARN_ABOUT_RETURN_TYPE = YES_ERROR;
				GCC_WARN_UNDECLARED_SELECTOR = YES;
				GCC_WARN_UNINITIALIZED_AUTOS = YES_AGGRESSIVE;
				GCC_WARN_UNUSED_FUNCTION = YES;
				GCC_WARN_UNUSED_VARIABLE = YES;
				IPHONEOS_DEPLOYMENT_TARGET = 10.2;
				MTL_ENABLE_DEBUG_INFO = NO;
				SDKROOT = iphoneos;
				SWIFT_OPTIMIZATION_LEVEL = "-Owholemodule";
				VALIDATE_PRODUCT = YES;
			};
			name = Release;
		};
		47774BB21E670AE9004457A2 /* Debug */ = {
			isa = XCBuildConfiguration;
			baseConfigurationReference = 019EA0AFE1442485274CE3E3 /* Pods-FirebaseDemo.debug.xcconfig */;
			buildSettings = {
				ASSETCATALOG_COMPILER_APPICON_NAME = AppIcon;
				INFOPLIST_FILE = FirebaseDemo/Info.plist;
				LD_RUNPATH_SEARCH_PATHS = "$(inherited) @executable_path/Frameworks";
				PRODUCT_BUNDLE_IDENTIFIER = C.Mihail.FirebaseDemo;
				PRODUCT_NAME = "$(TARGET_NAME)";
				SWIFT_VERSION = 3.0;
			};
			name = Debug;
		};
		47774BB31E670AE9004457A2 /* Release */ = {
			isa = XCBuildConfiguration;
			baseConfigurationReference = 96E04955397C6097FFDE0561 /* Pods-FirebaseDemo.release.xcconfig */;
			buildSettings = {
				ASSETCATALOG_COMPILER_APPICON_NAME = AppIcon;
				INFOPLIST_FILE = FirebaseDemo/Info.plist;
				LD_RUNPATH_SEARCH_PATHS = "$(inherited) @executable_path/Frameworks";
				PRODUCT_BUNDLE_IDENTIFIER = C.Mihail.FirebaseDemo;
				PRODUCT_NAME = "$(TARGET_NAME)";
				SWIFT_VERSION = 3.0;
			};
			name = Release;
		};
/* End XCBuildConfiguration section */

/* Begin XCConfigurationList section */
		4739E85D1E671A7B00646335 /* Build configuration list for PBXNativeTarget "FirebaseDemoTests" */ = {
			isa = XCConfigurationList;
			buildConfigurations = (
				4739E85B1E671A7B00646335 /* Debug */,
				4739E85C1E671A7B00646335 /* Release */,
			);
			defaultConfigurationIsVisible = 0;
		};
		4739E8691E671A8100646335 /* Build configuration list for PBXNativeTarget "FirebaseDemoUITests" */ = {
			isa = XCConfigurationList;
			buildConfigurations = (
				4739E86A1E671A8100646335 /* Debug */,
				4739E86B1E671A8100646335 /* Release */,
			);
			defaultConfigurationIsVisible = 0;
		};
		47774B9A1E670AE9004457A2 /* Build configuration list for PBXProject "FirebaseDemo" */ = {
			isa = XCConfigurationList;
			buildConfigurations = (
				47774BAF1E670AE9004457A2 /* Debug */,
				47774BB01E670AE9004457A2 /* Release */,
			);
			defaultConfigurationIsVisible = 0;
			defaultConfigurationName = Release;
		};
		47774BB11E670AE9004457A2 /* Build configuration list for PBXNativeTarget "FirebaseDemo" */ = {
			isa = XCConfigurationList;
			buildConfigurations = (
				47774BB21E670AE9004457A2 /* Debug */,
				47774BB31E670AE9004457A2 /* Release */,
			);
			defaultConfigurationIsVisible = 0;
			defaultConfigurationName = Release;
		};
/* End XCConfigurationList section */
	};
	rootObject = 47774B971E670AE9004457A2 /* Project object */;
}
